
Microsoft Visual Studio Solution File, Format Version 12.00
# Visual Studio Version 17
VisualStudioVersion = 17.8.34525.116
MinimumVisualStudioVersion = 10.0.40219.1
Project("{9A19103F-16F7-4668-BE54-9A1E7A4F7556}") = "WeatherServer", "WeatherServer\WeatherServer.csproj", "{D5FC08EA-38BC-46E1-BC85-FF23D2525F99}"
EndProject
Project("{FAE04EC0-301F-11D3-BF4B-00C04F79EFBC}") = "CountryModel", "CountryModel\CountryModel.csproj", "{0FD7314E-B22D-4ECA-9D31-DEA7626E2279}"
EndProject
Global
	GlobalSection(SolutionConfigurationPlatforms) = preSolution
		Debug|Any CPU = Debug|Any CPU
		Release|Any CPU = Release|Any CPU
	EndGlobalSection
	GlobalSection(ProjectConfigurationPlatforms) = postSolution
		{D5FC08EA-38BC-46E1-BC85-FF23D2525F99}.Debug|Any CPU.ActiveCfg = Debug|Any CPU
		{D5FC08EA-38BC-46E1-BC85-FF23D2525F99}.Debug|Any CPU.Build.0 = Debug|Any CPU
		{D5FC08EA-38BC-46E1-BC85-FF23D2525F99}.Release|Any CPU.ActiveCfg = Release|Any CPU
		{D5FC08EA-38BC-46E1-BC85-FF23D2525F99}.Release|Any CPU.Build.0 = Release|Any CPU
		{0FD7314E-B22D-4ECA-9D31-DEA7626E2279}.Debug|Any CPU.ActiveCfg = Debug|Any CPU
		{0FD7314E-B22D-4ECA-9D31-DEA7626E2279}.Debug|Any CPU.Build.0 = Debug|Any CPU
		{0FD7314E-B22D-4ECA-9D31-DEA7626E2279}.Release|Any CPU.ActiveCfg = Release|Any CPU
		{0FD7314E-B22D-4ECA-9D31-DEA7626E2279}.Release|Any CPU.Build.0 = Release|Any CPU
	EndGlobalSection
	GlobalSection(SolutionProperties) = preSolution
		HideSolutionNode = FALSE
	EndGlobalSection
	GlobalSection(ExtensibilityGlobals) = postSolution
		SolutionGuid = {BDFE16EA-107A-400E-AC2B-C8A420190A6F}
	EndGlobalSection
EndGlobal
